
Microsoft Visual Studio Solution File, Format Version 12.00
# Visual Studio Version 16
VisualStudioVersion = 16.0.29230.61
MinimumVisualStudioVersion = 10.0.40219.1
Project("{FAE04EC0-301F-11D3-BF4B-00C04F79EFBC}") = "KafkaConsumer", "KafkaConsumer\KafkaConsumer.csproj", "{4CAEBC7A-3964-4E61-945A-D4B6F02EA434}"
EndProject
Global
	GlobalSection(SolutionConfigurationPlatforms) = preSolution
		Debug|Any CPU = Debug|Any CPU
		Release|Any CPU = Release|Any CPU
	EndGlobalSection
	GlobalSection(ProjectConfigurationPlatforms) = postSolution
		{4CAEBC7A-3964-4E61-945A-D4B6F02EA434}.Debug|Any CPU.ActiveCfg = Debug|Any CPU
		{4CAEBC7A-3964-4E61-945A-D4B6F02EA434}.Debug|Any CPU.Build.0 = Debug|Any CPU
		{4CAEBC7A-3964-4E61-945A-D4B6F02EA434}.Release|Any CPU.ActiveCfg = Release|Any CPU
		{4CAEBC7A-3964-4E61-945A-D4B6F02EA434}.Release|Any CPU.Build.0 = Release|Any CPU
	EndGlobalSection
	GlobalSection(SolutionProperties) = preSolution
		HideSolutionNode = FALSE
	EndGlobalSection
	GlobalSection(ExtensibilityGlobals) = postSolution
		SolutionGuid = {60CA811B-BF71-4798-BB8A-C1D0901E3AE2}
	EndGlobalSection
EndGlobal
